
Microsoft Visual Studio Solution File, Format Version 12.00
# Visual Studio Version 17
VisualStudioVersion = 17.13.35919.96
MinimumVisualStudioVersion = 10.0.40219.1
Project("{2150E333-8FDC-42A3-9474-1A3956D46DE8}") = "Services", "Services", "{02EA681E-C7D8-13C7-8484-4AC65E1B71E8}"
EndProject
Project("{2150E333-8FDC-42A3-9474-1A3956D46DE8}") = "Catalog", "Catalog", "{E3C540AF-A401-4AE3-81FA-93B91012FCE7}"
EndProject
Project("{FAE04EC0-301F-11D3-BF4B-00C04F79EFBC}") = "Catalog.API", "Services\Catalog\Catalog.API\Catalog.API.csproj", "{94139AD4-CEBB-4479-8D16-6A85EFDD09D4}"
EndProject
Global
	GlobalSection(SolutionConfigurationPlatforms) = preSolution
		Debug|Any CPU = Debug|Any CPU
		Release|Any CPU = Release|Any CPU
	EndGlobalSection
	GlobalSection(ProjectConfigurationPlatforms) = postSolution
		{94139AD4-CEBB-4479-8D16-6A85EFDD09D4}.Debug|Any CPU.ActiveCfg = Debug|Any CPU
		{94139AD4-CEBB-4479-8D16-6A85EFDD09D4}.Debug|Any CPU.Build.0 = Debug|Any CPU
		{94139AD4-CEBB-4479-8D16-6A85EFDD09D4}.Release|Any CPU.ActiveCfg = Release|Any CPU
		{94139AD4-CEBB-4479-8D16-6A85EFDD09D4}.Release|Any CPU.Build.0 = Release|Any CPU
	EndGlobalSection
	GlobalSection(SolutionProperties) = preSolution
		HideSolutionNode = FALSE
	EndGlobalSection
	GlobalSection(NestedProjects) = preSolution
		{E3C540AF-A401-4AE3-81FA-93B91012FCE7} = {02EA681E-C7D8-13C7-8484-4AC65E1B71E8}
		{94139AD4-CEBB-4479-8D16-6A85EFDD09D4} = {E3C540AF-A401-4AE3-81FA-93B91012FCE7}
	EndGlobalSection
	GlobalSection(ExtensibilityGlobals) = postSolution
		SolutionGuid = {ECBF83CA-E3D4-46BC-8F7F-F8C7677C87CF}
	EndGlobalSection
EndGlobal
